
Microsoft Visual Studio Solution File, Format Version 12.00
# Visual Studio Version 17
VisualStudioVersion = 17.10.34928.147
MinimumVisualStudioVersion = 10.0.40219.1
Project("{FAE04EC0-301F-11D3-BF4B-00C04F79EFBC}") = "DbFirstExample", "DbFirstExample.csproj", "{C60A2123-374B-4C1B-9018-F9CC85A781B4}"
EndProject
Global
	GlobalSection(SolutionConfigurationPlatforms) = preSolution
		Debug|Any CPU = Debug|Any CPU
		Release|Any CPU = Release|Any CPU
	EndGlobalSection
	GlobalSection(ProjectConfigurationPlatforms) = postSolution
		{C60A2123-374B-4C1B-9018-F9CC85A781B4}.Debug|Any CPU.ActiveCfg = Debug|Any CPU
		{C60A2123-374B-4C1B-9018-F9CC85A781B4}.Debug|Any CPU.Build.0 = Debug|Any CPU
		{C60A2123-374B-4C1B-9018-F9CC85A781B4}.Release|Any CPU.ActiveCfg = Release|Any CPU
		{C60A2123-374B-4C1B-9018-F9CC85A781B4}.Release|Any CPU.Build.0 = Release|Any CPU
	EndGlobalSection
	GlobalSection(SolutionProperties) = preSolution
		HideSolutionNode = FALSE
	EndGlobalSection
	GlobalSection(ExtensibilityGlobals) = postSolution
		SolutionGuid = {8162B001-33FD-47F4-A530-C2A238199305}
	EndGlobalSection
EndGlobal
