
Microsoft Visual Studio Solution File, Format Version 12.00
# Visual Studio Version 17
VisualStudioVersion = 17.10.34928.147
MinimumVisualStudioVersion = 10.0.40219.1
Project("{FAE04EC0-301F-11D3-BF4B-00C04F79EFBC}") = "WebApplication1", "WebApplication1.csproj", "{8F17FB8D-4963-4B3F-9209-759716646412}"
EndProject
Global
	GlobalSection(SolutionConfigurationPlatforms) = preSolution
		Debug|Any CPU = Debug|Any CPU
		Release|Any CPU = Release|Any CPU
	EndGlobalSection
	GlobalSection(ProjectConfigurationPlatforms) = postSolution
		{8F17FB8D-4963-4B3F-9209-759716646412}.Debug|Any CPU.ActiveCfg = Debug|Any CPU
		{8F17FB8D-4963-4B3F-9209-759716646412}.Debug|Any CPU.Build.0 = Debug|Any CPU
		{8F17FB8D-4963-4B3F-9209-759716646412}.Release|Any CPU.ActiveCfg = Release|Any CPU
		{8F17FB8D-4963-4B3F-9209-759716646412}.Release|Any CPU.Build.0 = Release|Any CPU
	EndGlobalSection
	GlobalSection(SolutionProperties) = preSolution
		HideSolutionNode = FALSE
	EndGlobalSection
	GlobalSection(ExtensibilityGlobals) = postSolution
		SolutionGuid = {CAAE7D65-4650-489E-9D1B-0DED0B8DE20B}
	EndGlobalSection
EndGlobal
